
Microsoft Visual Studio Solution File, Format Version 12.00
# Visual Studio Version 17
VisualStudioVersion = 17.7.34202.233
MinimumVisualStudioVersion = 10.0.40219.1
Project("{FAE04EC0-301F-11D3-BF4B-00C04F79EFBC}") = "Accelbuffalo", "MyDocs\Accelbuffalo.csproj", "{6DD27090-14C0-42BA-820F-D7773C3EE225}"
EndProject
Global
	GlobalSection(SolutionConfigurationPlatforms) = preSolution
		Debug|Any CPU = Debug|Any CPU
		Release|Any CPU = Release|Any CPU
	EndGlobalSection
	GlobalSection(ProjectConfigurationPlatforms) = postSolution
		{6DD27090-14C0-42BA-820F-D7773C3EE225}.Debug|Any CPU.ActiveCfg = Debug|Any CPU
		{6DD27090-14C0-42BA-820F-D7773C3EE225}.Debug|Any CPU.Build.0 = Debug|Any CPU
		{6DD27090-14C0-42BA-820F-D7773C3EE225}.Release|Any CPU.ActiveCfg = Release|Any CPU
		{6DD27090-14C0-42BA-820F-D7773C3EE225}.Release|Any CPU.Build.0 = Release|Any CPU
	EndGlobalSection
	GlobalSection(SolutionProperties) = preSolution
		HideSolutionNode = FALSE
	EndGlobalSection
	GlobalSection(ExtensibilityGlobals) = postSolution
		SolutionGuid = {D36DBE22-C168-4571-B0E3-ABBA8FE79B67}
	EndGlobalSection
EndGlobal
